// !$*UTF8*$!
{
	archiveVersion = 1;
	classes = {
	};
	objectVersion = 46;
	objects = {

/* Begin PBXBuildFile section */
		C0E86A581CB288C600D8FD5F /* AppDelegate.swift in Sources */ = {isa = PBXBuildFile; fileRef = C0E86A571CB288C600D8FD5F /* AppDelegate.swift */; };
		C0E86A5A1CB288C600D8FD5F /* ViewController.swift in Sources */ = {isa = PBXBuildFile; fileRef = C0E86A591CB288C600D8FD5F /* ViewController.swift */; };
		C0E86A5D1CB288C600D8FD5F /* Main.storyboard in Resources */ = {isa = PBXBuildFile; fileRef = C0E86A5B1CB288C600D8FD5F /* Main.storyboard */; };
		C0E86A5F1CB288C600D8FD5F /* Assets.xcassets in Resources */ = {isa = PBXBuildFile; fileRef = C0E86A5E1CB288C600D8FD5F /* Assets.xcassets */; };
		C0E86A621CB288C600D8FD5F /* LaunchScreen.storyboard in Resources */ = {isa = PBXBuildFile; fileRef = C0E86A601CB288C600D8FD5F /* LaunchScreen.storyboard */; };
		C0E86A6B1CB28D7300D8FD5F /* back.png in Resources */ = {isa = PBXBuildFile; fileRef = C0E86A691CB28D7300D8FD5F /* back.png */; };
		C0E86A6C1CB28D7300D8FD5F /* front.png in Resources */ = {isa = PBXBuildFile; fileRef = C0E86A6A1CB28D7300D8FD5F /* front.png */; };
/* End PBXBuildFile section */

/* Begin PBXFileReference section */
		C0E86A541CB288C600D8FD5F /* Flip Image.app */ = {isa = PBXFileReference; explicitFileType = wrapper.application; includeInIndex = 0; path = "Flip Image.app"; sourceTree = BUILT_PRODUCTS_DIR; };
		C0E86A571CB288C600D8FD5F /* AppDelegate.swift */ = {isa = PBXFileReference; lastKnownFileType = sourcecode.swift; path = AppDelegate.swift; sourceTree = "<group>"; };
		C0E86A591CB288C600D8FD5F /* ViewController.swift */ = {isa = PBXFileReference; lastKnownFileType = sourcecode.swift; path = ViewController.swift; sourceTree = "<group>"; };
		C0E86A5C1CB288C600D8FD5F /* Base */ = {isa = PBXFileReference; lastKnownFileType = file.storyboard; name = Base; path = Base.lproj/Main.storyboard; sourceTree = "<group>"; };
		C0E86A5E1CB288C600D8FD5F /* Assets.xcassets */ = {isa = PBXFileReference; lastKnownFileType = folder.assetcatalog; path = Assets.xcassets; sourceTree = "<group>"; };
		C0E86A611CB288C600D8FD5F /* Base */ = {isa = PBXFileReference; lastKnownFileType = file.storyboard; name = Base; path = Base.lproj/LaunchScreen.storyboard; sourceTree = "<group>"; };
		C0E86A631CB288C600D8FD5F /* Info.plist */ = {isa = PBXFileReference; lastKnownFileType = text.plist.xml; path = Info.plist; sourceTree = "<group>"; };
		C0E86A691CB28D7300D8FD5F /* back.png */ = {isa = PBXFileReference; lastKnownFileType = image.png; path = back.png; sourceTree = "<group>"; };
		C0E86A6A1CB28D7300D8FD5F /* front.png */ = {isa = PBXFileReference; lastKnownFileType = image.png; path = front.png; sourceTree = "<group>"; };
/* End PBXFileReference section */

/* Begin PBXFrameworksBuildPhase section */
		C0E86A511CB288C600D8FD5F /* Frameworks */ = {
			isa = PBXFrameworksBuildPhase;
			buildActionMask = 2147483647;
			files = (
			);
			runOnlyForDeploymentPostprocessing = 0;
		};
/* End PBXFrameworksBuildPhase section */

/* Begin PBXGroup section */
		C0E86A4B1CB288C600D8FD5F = {
			isa = PBXGroup;
			children = (
				C0E86A561CB288C600D8FD5F /* Flip Image */,
				C0E86A551CB288C600D8FD5F /* Products */,
			);
			sourceTree = "<group>";
		};
		C0E86A551CB288C600D8FD5F /* Products */ = {
			isa = PBXGroup;
			children = (
				C0E86A541CB288C600D8FD5F /* Flip Image.app */,
			);
			name = Products;
			sourceTree = "<group>";
		};
		C0E86A561CB288C600D8FD5F /* Flip Image */ = {
			isa = PBXGroup;
			children = (
				C0E86A571CB288C600D8FD5F /* AppDelegate.swift */,
				C0E86A591CB288C600D8FD5F /* ViewController.swift */,
				C0E86A5B1CB288C600D8FD5F /* Main.storyboard */,
				C0E86A691CB28D7300D8FD5F /* back.png */,
				C0E86A6A1CB28D7300D8FD5F /* front.png */,
				C0E86A5E1CB288C600D8FD5F /* Assets.xcassets */,
				C0E86A601CB288C600D8FD5F /* LaunchScreen.storyboard */,
				C0E86A631CB288C600D8FD5F /* Info.plist */,
			);
			path = "Flip Image";
			sourceTree = "<group>";
		};
/* End PBXGroup section */

/* Begin PBXNativeTarget section */
		C0E86A531CB288C600D8FD5F /* Flip Image */ = {
			isa = PBXNativeTarget;
			buildConfigurationList = C0E86A661CB288C600D8FD5F /* Build configuration list for PBXNativeTarget "Flip Image" */;
			buildPhases = (
				C0E86A501CB288C600D8FD5F /* Sources */,
				C0E86A511CB288C600D8FD5F /* Frameworks */,
				C0E86A521CB288C600D8FD5F /* Resources */,
			);
			buildRules = (
			);
			dependencies = (
			);
			name = "Flip Image";
			productName = "Flip Image";
			productReference = C0E86A541CB288C600D8FD5F /* Flip Image.app */;
			productType = "com.apple.product-type.application";
		};
/* End PBXNativeTarget section */

/* Begin PBXProject section */
		C0E86A4C1CB288C600D8FD5F /* Project object */ = {
			isa = PBXProject;
			attributes = {
				LastSwiftUpdateCheck = 0720;
				LastUpgradeCheck = 0720;
				ORGANIZATIONNAME = "Besjana Shabani";
				TargetAttributes = {
					C0E86A531CB288C600D8FD5F = {
						CreatedOnToolsVersion = 7.2;
					};
				};
			};
			buildConfigurationList = C0E86A4F1CB288C600D8FD5F /* Build configuration list for PBXProject "Flip Image" */;
			compatibilityVersion = "Xcode 3.2";
			developmentRegion = English;
			hasScannedForEncodings = 0;
			knownRegions = (
				en,
				Base,
			);
			mainGroup = C0E86A4B1CB288C600D8FD5F;
			productRefGroup = C0E86A551CB288C600D8FD5F /* Products */;
			projectDirPath = "";
			projectRoot = "";
			targets = (
				C0E86A531CB288C600D8FD5F /* Flip Image */,
			);
		};
/* End PBXProject section */

/* Begin PBXResourcesBuildPhase section */
		C0E86A521CB288C600D8FD5F /* Resources */ = {
			isa = PBXResourcesBuildPhase;
			buildActionMask = 2147483647;
			files = (
				C0E86A6B1CB28D7300D8FD5F /* back.png in Resources */,
				C0E86A621CB288C600D8FD5F /* LaunchScreen.storyboard in Resources */,
				C0E86A5F1CB288C600D8FD5F /* Assets.xcassets in Resources */,
				C0E86A6C1CB28D7300D8FD5F /* front.png in Resources */,
				C0E86A5D1CB288C600D8FD5F /* Main.storyboard in Resources */,
			);
			runOnlyForDeploymentPostprocessing = 0;
		};
/* End PBXResourcesBuildPhase section */

/* Begin PBXSourcesBuildPhase section */
		C0E86A501CB288C600D8FD5F /* Sources */ = {
			isa = PBXSourcesBuildPhase;
			buildActionMask = 2147483647;
			files = (
				C0E86A5A1CB288C600D8FD5F /* ViewController.swift in Sources */,
				C0E86A581CB288C600D8FD5F /* AppDelegate.swift in Sources */,
			);
			runOnlyForDeploymentPostprocessing = 0;
		};
/* End PBXSourcesBuildPhase section */

/* Begin PBXVariantGroup section */
		C0E86A5B1CB288C600D8FD5F /* Main.storyboard */ = {
			isa = PBXVariantGroup;
			children = (
				C0E86A5C1CB288C600D8FD5F /* Base */,
			);
			name = Main.storyboard;
			sourceTree = "<group>";
		};
		C0E86A601CB288C600D8FD5F /* LaunchScreen.storyboard */ = {
			isa = PBXVariantGroup;
			children = (
				C0E86A611CB288C600D8FD5F /* Base */,
			);
			name = LaunchScreen.storyboard;
			sourceTree = "<group>";
		};
/* End PBXVariantGroup section */

/* Begin XCBuildConfiguration section */
		C0E86A641CB288C600D8FD5F /* Debug */ = {
			isa = XCBuildConfiguration;
			buildSettings = {
				ALWAYS_SEARCH_USER_PATHS = NO;
				CLANG_CXX_LANGUAGE_STANDARD = "gnu++0x";
				CLANG_CXX_LIBRARY = "libc++";
				CLANG_ENABLE_MODULES = YES;
				CLANG_ENABLE_OBJC_ARC = YES;
				CLANG_WARN_BOOL_CONVERSION = YES;
				CLANG_WARN_CONSTANT_CONVERSION = YES;
				CLANG_WARN_DIRECT_OBJC_ISA_USAGE = YES_ERROR;
				CLANG_WARN_EMPTY_BODY = YES;
				CLANG_WARN_ENUM_CONVERSION = YES;
				CLANG_WARN_INT_CONVERSION = YES;
				CLANG_WARN_OBJC_ROOT_CLASS = YES_ERROR;
				CLANG_WARN_UNREACHABLE_CODE = YES;
				CLANG_WARN__DUPLICATE_METHOD_MATCH = YES;
				"CODE_SIGN_IDENTITY[sdk=iphoneos*]" = "iPhone Developer";
				COPY_PHASE_STRIP = NO;
				DEBUG_INFORMATION_FORMAT = dwarf;
				ENABLE_STRICT_OBJC_MSGSEND = YES;
				ENABLE_TESTABILITY = YES;
				GCC_C_LANGUAGE_STANDARD = gnu99;
				GCC_DYNAMIC_NO_PIC = NO;
				GCC_NO_COMMON_BLOCKS = YES;
				GCC_OPTIMIZATION_LEVEL = 0;
				GCC_PREPROCESSOR_DEFINITIONS = (
					"DEBUG=1",
					"$(inherited)",
				);
				GCC_WARN_64_TO_32_BIT_CONVERSION = YES;
				GCC_WARN_ABOUT_RETURN_TYPE = YES_ERROR;
				GCC_WARN_UNDECLARED_SELECTOR = YES;
				GCC_WARN_UNINITIALIZED_AUTOS = YES_AGGRESSIVE;
				GCC_WARN_UNUSED_FUNCTION = YES;
				GCC_WARN_UNUSED_VARIABLE = YES;
				IPHONEOS_DEPLOYMENT_TARGET = 9.2;
				MTL_ENABLE_DEBUG_INFO = YES;
				ONLY_ACTIVE_ARCH = YES;
				SDKROOT = iphoneos;
				SWIFT_OPTIMIZATION_LEVEL = "-Onone";
			};
			name = Debug;
		};
		C0E86A651CB288C600D8FD5F /* Release */ = {
			isa = XCBuildConfiguration;
			buildSettings = {
				ALWAYS_SEARCH_USER_PATHS = NO;
				CLANG_CXX_LANGUAGE_STANDARD = "gnu++0x";
				CLANG_CXX_LIBRARY = "libc++";
				CLANG_ENABLE_MODULES = YES;
				CLANG_ENABLE_OBJC_ARC = YES;
				CLANG_WARN_BOOL_CONVERSION = YES;
				CLANG_WARN_CONSTANT_CONVERSION = YES;
				CLANG_WARN_DIRECT_OBJC_ISA_USAGE = YES_ERROR;
				CLANG_WARN_EMPTY_BODY = YES;
				CLANG_WARN_ENUM_CONVERSION = YES;
				CLANG_WARN_INT_CONVERSION = YES;
				CLANG_WARN_OBJC_ROOT_CLASS = YES_ERROR;
				CLANG_WARN_UNREACHABLE_CODE = YES;
				CLANG_WARN__DUPLICATE_METHOD_MATCH = YES;
				"CODE_SIGN_IDENTITY[sdk=iphoneos*]" = "iPhone Developer";
				COPY_PHASE_STRIP = NO;
				DEBUG_INFORMATION_FORMAT = "dwarf-with-dsym";
				ENABLE_NS_ASSERTIONS = NO;
				ENABLE_STRICT_OBJC_MSGSEND = YES;
				GCC_C_LANGUAGE_STANDARD = gnu99;
				GCC_NO_COMMON_BLOCKS = YES;
				GCC_WARN_64_TO_32_BIT_CONVERSION = YES;
				GCC_WARN_ABOUT_RETURN_TYPE = YES_ERROR;
				GCC_WARN_UNDECLARED_SELECTOR = YES;
				GCC_WARN_UNINITIALIZED_AUTOS = YES_AGGRESSIVE;
				GCC_WARN_UNUSED_FUNCTION = YES;
				GCC_WARN_UNUSED_VARIABLE = YES;
				IPHONEOS_DEPLOYMENT_TARGET = 9.2;
				MTL_ENABLE_DEBUG_INFO = NO;
				SDKROOT = iphoneos;
				VALIDATE_PRODUCT = YES;
			};
			name = Release;
		};
		C0E86A671CB288C600D8FD5F /* Debug */ = {
			isa = XCBuildConfiguration;
			buildSettings = {
				ASSETCATALOG_COMPILER_APPICON_NAME = AppIcon;
				CODE_SIGN_IDENTITY = "iPhone Developer";
				INFOPLIST_FILE = "Flip Image/Info.plist";
				LD_RUNPATH_SEARCH_PATHS = "$(inherited) @executable_path/Frameworks";
				PRODUCT_BUNDLE_IDENTIFIER = "JWD.Flip-Image";
				PRODUCT_NAME = "$(TARGET_NAME)";
			};
			name = Debug;
		};
		C0E86A681CB288C600D8FD5F /* Release */ = {
			isa = XCBuildConfiguration;
			buildSettings = {
				ASSETCATALOG_COMPILER_APPICON_NAME = AppIcon;
				CODE_SIGN_IDENTITY = "iPhone Developer";
				INFOPLIST_FILE = "Flip Image/Info.plist";
				LD_RUNPATH_SEARCH_PATHS = "$(inherited) @executable_path/Frameworks";
				PRODUCT_BUNDLE_IDENTIFIER = "JWD.Flip-Image";
				PRODUCT_NAME = "$(TARGET_NAME)";
			};
			name = Release;
		};
/* End XCBuildConfiguration section */

/* Begin XCConfigurationList section */
		C0E86A4F1CB288C600D8FD5F /* Build configuration list for PBXProject "Flip Image" */ = {
			isa = XCConfigurationList;
			buildConfigurations = (
				C0E86A641CB288C600D8FD5F /* Debug */,
				C0E86A651CB288C600D8FD5F /* Release */,
			);
			defaultConfigurationIsVisible = 0;
			defaultConfigurationName = Release;
		};
		C0E86A661CB288C600D8FD5F /* Build configuration list for PBXNativeTarget "Flip Image" */ = {
			isa = XCConfigurationList;
			buildConfigurations = (
				C0E86A671CB288C600D8FD5F /* Debug */,
				C0E86A681CB288C600D8FD5F /* Release */,
			);
			defaultConfigurationIsVisible = 0;
		};
/* End XCConfigurationList section */
	};
	rootObject = C0E86A4C1CB288C600D8FD5F /* Project object */;
}
